
Microsoft Visual Studio Solution File, Format Version 12.00
# Visual Studio Version 17
VisualStudioVersion = 17.13.35828.75 d17.13
MinimumVisualStudioVersion = 10.0.40219.1
Project("{FAE04EC0-301F-11D3-BF4B-00C04F79EFBC}") = "RBAC.API", "RBAC.API\RBAC.API.csproj", "{6E038587-C461-43C7-BFD3-7EA39F7FF437}"
EndProject
Project("{FAE04EC0-301F-11D3-BF4B-00C04F79EFBC}") = "RBAC.Service", "RBAC.Service\RBAC.Service.csproj", "{F21F746E-4F97-425E-8D8E-191BE2C6BD78}"
EndProject
Project("{FAE04EC0-301F-11D3-BF4B-00C04F79EFBC}") = "RBAC.Data", "RBAC.Data\RBAC.Data.csproj", "{386028EA-D632-4EC6-9B84-C4E5CEDA8DE1}"
EndProject
Global
	GlobalSection(SolutionConfigurationPlatforms) = preSolution
		Debug|Any CPU = Debug|Any CPU
		Release|Any CPU = Release|Any CPU
	EndGlobalSection
	GlobalSection(ProjectConfigurationPlatforms) = postSolution
		{6E038587-C461-43C7-BFD3-7EA39F7FF437}.Debug|Any CPU.ActiveCfg = Debug|Any CPU
		{6E038587-C461-43C7-BFD3-7EA39F7FF437}.Debug|Any CPU.Build.0 = Debug|Any CPU
		{6E038587-C461-43C7-BFD3-7EA39F7FF437}.Release|Any CPU.ActiveCfg = Release|Any CPU
		{6E038587-C461-43C7-BFD3-7EA39F7FF437}.Release|Any CPU.Build.0 = Release|Any CPU
		{F21F746E-4F97-425E-8D8E-191BE2C6BD78}.Debug|Any CPU.ActiveCfg = Debug|Any CPU
		{F21F746E-4F97-425E-8D8E-191BE2C6BD78}.Debug|Any CPU.Build.0 = Debug|Any CPU
		{F21F746E-4F97-425E-8D8E-191BE2C6BD78}.Release|Any CPU.ActiveCfg = Release|Any CPU
		{F21F746E-4F97-425E-8D8E-191BE2C6BD78}.Release|Any CPU.Build.0 = Release|Any CPU
		{386028EA-D632-4EC6-9B84-C4E5CEDA8DE1}.Debug|Any CPU.ActiveCfg = Debug|Any CPU
		{386028EA-D632-4EC6-9B84-C4E5CEDA8DE1}.Debug|Any CPU.Build.0 = Debug|Any CPU
		{386028EA-D632-4EC6-9B84-C4E5CEDA8DE1}.Release|Any CPU.ActiveCfg = Release|Any CPU
		{386028EA-D632-4EC6-9B84-C4E5CEDA8DE1}.Release|Any CPU.Build.0 = Release|Any CPU
	EndGlobalSection
	GlobalSection(SolutionProperties) = preSolution
		HideSolutionNode = FALSE
	EndGlobalSection
	GlobalSection(ExtensibilityGlobals) = postSolution
		SolutionGuid = {6EE3A3AD-09C4-43A0-BDF8-09B48A0EDEDF}
	EndGlobalSection
EndGlobal
